
Microsoft Visual Studio Solution File, Format Version 12.00
# Visual Studio Version 17
VisualStudioVersion = 17.10.34928.147
MinimumVisualStudioVersion = 10.0.40219.1
Project("{8BC9CEB8-8B4A-11D0-8D11-00A0C91BC942}") = "LAB8", "LAB8.vcxproj", "{C2983C56-71E4-4EA7-9A76-37487A144106}"
EndProject
Project("{8BC9CEB8-8B4A-11D0-8D11-00A0C91BC942}") = "LAB802", "..\LAB802\LAB802.vcxproj", "{DD1FB219-46C4-49A1-B3C0-BA4304CF18DB}"
EndProject
Project("{8BC9CEB8-8B4A-11D0-8D11-00A0C91BC942}") = "803", "..\803\803.vcxproj", "{506FDE8B-3945-4F9E-972E-2FC6D8D4E9A8}"
EndProject
Project("{8BC9CEB8-8B4A-11D0-8D11-00A0C91BC942}") = "804", "..\804\804.vcxproj", "{263C3CEB-99AF-4F63-BF4E-657CD5E88645}"
EndProject
Project("{8BC9CEB8-8B4A-11D0-8D11-00A0C91BC942}") = "805", "..\805\805.vcxproj", "{20814D66-D793-43BE-9F13-8F252538472B}"
EndProject
Project("{8BC9CEB8-8B4A-11D0-8D11-00A0C91BC942}") = "806", "..\806\806.vcxproj", "{8AF8E996-BDCA-4943-AC9A-4901331964D1}"
EndProject
Project("{8BC9CEB8-8B4A-11D0-8D11-00A0C91BC942}") = "807", "..\807\807.vcxproj", "{F5E62E52-9637-43B1-866F-4A4242DC691D}"
EndProject
Global
	GlobalSection(SolutionConfigurationPlatforms) = preSolution
		Debug|x64 = Debug|x64
		Debug|x86 = Debug|x86
		Release|x64 = Release|x64
		Release|x86 = Release|x86
	EndGlobalSection
	GlobalSection(ProjectConfigurationPlatforms) = postSolution
		{C2983C56-71E4-4EA7-9A76-37487A144106}.Debug|x64.ActiveCfg = Debug|x64
		{C2983C56-71E4-4EA7-9A76-37487A144106}.Debug|x64.Build.0 = Debug|x64
		{C2983C56-71E4-4EA7-9A76-37487A144106}.Debug|x86.ActiveCfg = Debug|Win32
		{C2983C56-71E4-4EA7-9A76-37487A144106}.Debug|x86.Build.0 = Debug|Win32
		{C2983C56-71E4-4EA7-9A76-37487A144106}.Release|x64.ActiveCfg = Release|x64
		{C2983C56-71E4-4EA7-9A76-37487A144106}.Release|x64.Build.0 = Release|x64
		{C2983C56-71E4-4EA7-9A76-37487A144106}.Release|x86.ActiveCfg = Release|Win32
		{C2983C56-71E4-4EA7-9A76-37487A144106}.Release|x86.Build.0 = Release|Win32
		{DD1FB219-46C4-49A1-B3C0-BA4304CF18DB}.Debug|x64.ActiveCfg = Debug|x64
		{DD1FB219-46C4-49A1-B3C0-BA4304CF18DB}.Debug|x64.Build.0 = Debug|x64
		{DD1FB219-46C4-49A1-B3C0-BA4304CF18DB}.Debug|x86.ActiveCfg = Debug|Win32
		{DD1FB219-46C4-49A1-B3C0-BA4304CF18DB}.Debug|x86.Build.0 = Debug|Win32
		{DD1FB219-46C4-49A1-B3C0-BA4304CF18DB}.Release|x64.ActiveCfg = Release|x64
		{DD1FB219-46C4-49A1-B3C0-BA4304CF18DB}.Release|x64.Build.0 = Release|x64
		{DD1FB219-46C4-49A1-B3C0-BA4304CF18DB}.Release|x86.ActiveCfg = Release|Win32
		{DD1FB219-46C4-49A1-B3C0-BA4304CF18DB}.Release|x86.Build.0 = Release|Win32
		{506FDE8B-3945-4F9E-972E-2FC6D8D4E9A8}.Debug|x64.ActiveCfg = Debug|x64
		{506FDE8B-3945-4F9E-972E-2FC6D8D4E9A8}.Debug|x64.Build.0 = Debug|x64
		{506FDE8B-3945-4F9E-972E-2FC6D8D4E9A8}.Debug|x86.ActiveCfg = Debug|Win32
		{506FDE8B-3945-4F9E-972E-2FC6D8D4E9A8}.Debug|x86.Build.0 = Debug|Win32
		{506FDE8B-3945-4F9E-972E-2FC6D8D4E9A8}.Release|x64.ActiveCfg = Release|x64
		{506FDE8B-3945-4F9E-972E-2FC6D8D4E9A8}.Release|x64.Build.0 = Release|x64
		{506FDE8B-3945-4F9E-972E-2FC6D8D4E9A8}.Release|x86.ActiveCfg = Release|Win32
		{506FDE8B-3945-4F9E-972E-2FC6D8D4E9A8}.Release|x86.Build.0 = Release|Win32
		{263C3CEB-99AF-4F63-BF4E-657CD5E88645}.Debug|x64.ActiveCfg = Debug|x64
		{263C3CEB-99AF-4F63-BF4E-657CD5E88645}.Debug|x64.Build.0 = Debug|x64
		{263C3CEB-99AF-4F63-BF4E-657CD5E88645}.Debug|x86.ActiveCfg = Debug|Win32
		{263C3CEB-99AF-4F63-BF4E-657CD5E88645}.Debug|x86.Build.0 = Debug|Win32
		{263C3CEB-99AF-4F63-BF4E-657CD5E88645}.Release|x64.ActiveCfg = Release|x64
		{263C3CEB-99AF-4F63-BF4E-657CD5E88645}.Release|x64.Build.0 = Release|x64
		{263C3CEB-99AF-4F63-BF4E-657CD5E88645}.Release|x86.ActiveCfg = Release|Win32
		{263C3CEB-99AF-4F63-BF4E-657CD5E88645}.Release|x86.Build.0 = Release|Win32
		{20814D66-D793-43BE-9F13-8F252538472B}.Debug|x64.ActiveCfg = Debug|x64
		{20814D66-D793-43BE-9F13-8F252538472B}.Debug|x64.Build.0 = Debug|x64
		{20814D66-D793-43BE-9F13-8F252538472B}.Debug|x86.ActiveCfg = Debug|Win32
		{20814D66-D793-43BE-9F13-8F252538472B}.Debug|x86.Build.0 = Debug|Win32
		{20814D66-D793-43BE-9F13-8F252538472B}.Release|x64.ActiveCfg = Release|x64
		{20814D66-D793-43BE-9F13-8F252538472B}.Release|x64.Build.0 = Release|x64
		{20814D66-D793-43BE-9F13-8F252538472B}.Release|x86.ActiveCfg = Release|Win32
		{20814D66-D793-43BE-9F13-8F252538472B}.Release|x86.Build.0 = Release|Win32
		{8AF8E996-BDCA-4943-AC9A-4901331964D1}.Debug|x64.ActiveCfg = Debug|x64
		{8AF8E996-BDCA-4943-AC9A-4901331964D1}.Debug|x64.Build.0 = Debug|x64
		{8AF8E996-BDCA-4943-AC9A-4901331964D1}.Debug|x86.ActiveCfg = Debug|Win32
		{8AF8E996-BDCA-4943-AC9A-4901331964D1}.Debug|x86.Build.0 = Debug|Win32
		{8AF8E996-BDCA-4943-AC9A-4901331964D1}.Release|x64.ActiveCfg = Release|x64
		{8AF8E996-BDCA-4943-AC9A-4901331964D1}.Release|x64.Build.0 = Release|x64
		{8AF8E996-BDCA-4943-AC9A-4901331964D1}.Release|x86.ActiveCfg = Release|Win32
		{8AF8E996-BDCA-4943-AC9A-4901331964D1}.Release|x86.Build.0 = Release|Win32
		{F5E62E52-9637-43B1-866F-4A4242DC691D}.Debug|x64.ActiveCfg = Debug|x64
		{F5E62E52-9637-43B1-866F-4A4242DC691D}.Debug|x64.Build.0 = Debug|x64
		{F5E62E52-9637-43B1-866F-4A4242DC691D}.Debug|x86.ActiveCfg = Debug|Win32
		{F5E62E52-9637-43B1-866F-4A4242DC691D}.Debug|x86.Build.0 = Debug|Win32
		{F5E62E52-9637-43B1-866F-4A4242DC691D}.Release|x64.ActiveCfg = Release|x64
		{F5E62E52-9637-43B1-866F-4A4242DC691D}.Release|x64.Build.0 = Release|x64
		{F5E62E52-9637-43B1-866F-4A4242DC691D}.Release|x86.ActiveCfg = Release|Win32
		{F5E62E52-9637-43B1-866F-4A4242DC691D}.Release|x86.Build.0 = Release|Win32
	EndGlobalSection
	GlobalSection(SolutionProperties) = preSolution
		HideSolutionNode = FALSE
	EndGlobalSection
	GlobalSection(ExtensibilityGlobals) = postSolution
		SolutionGuid = {3ACB7CAE-DC50-49B1-BA56-E48627811739}
	EndGlobalSection
EndGlobal
